
Microsoft Visual Studio Solution File, Format Version 12.00
# Visual Studio Version 16
VisualStudioVersion = 16.0.29102.190
MinimumVisualStudioVersion = 10.0.40219.1
Project("{FAE04EC0-301F-11D3-BF4B-00C04F79EFBC}") = "AcmeCorp.Training.Services", "AcmeCorp.Training.Services\AcmeCorp.Training.Services.csproj", "{7301519D-135C-4846-A1EC-76DD1855E150}"
EndProject
Project("{FAE04EC0-301F-11D3-BF4B-00C04F79EFBC}") = "AcmeCorp.Training.Tests", "AcmeCorp.Training.Tests\AcmeCorp.Training.Tests.csproj", "{7F4B962F-5067-478F-8BF7-BEA024A72063}"
EndProject
Global
	GlobalSection(SolutionConfigurationPlatforms) = preSolution
		Debug|Any CPU = Debug|Any CPU
		Release|Any CPU = Release|Any CPU
	EndGlobalSection
	GlobalSection(ProjectConfigurationPlatforms) = postSolution
		{7301519D-135C-4846-A1EC-76DD1855E150}.Debug|Any CPU.ActiveCfg = Debug|Any CPU
		{7301519D-135C-4846-A1EC-76DD1855E150}.Debug|Any CPU.Build.0 = Debug|Any CPU
		{7301519D-135C-4846-A1EC-76DD1855E150}.Release|Any CPU.ActiveCfg = Release|Any CPU
		{7301519D-135C-4846-A1EC-76DD1855E150}.Release|Any CPU.Build.0 = Release|Any CPU
		{7F4B962F-5067-478F-8BF7-BEA024A72063}.Debug|Any CPU.ActiveCfg = Debug|Any CPU
		{7F4B962F-5067-478F-8BF7-BEA024A72063}.Debug|Any CPU.Build.0 = Debug|Any CPU
		{7F4B962F-5067-478F-8BF7-BEA024A72063}.Release|Any CPU.ActiveCfg = Release|Any CPU
		{7F4B962F-5067-478F-8BF7-BEA024A72063}.Release|Any CPU.Build.0 = Release|Any CPU
	EndGlobalSection
	GlobalSection(SolutionProperties) = preSolution
		HideSolutionNode = FALSE
	EndGlobalSection
	GlobalSection(ExtensibilityGlobals) = postSolution
		SolutionGuid = {8BC3545D-8D9A-4863-A432-FD3F284D9A4B}
	EndGlobalSection
EndGlobal
